// !$*UTF8*$!
{
	archiveVersion = 1;
	classes = {
	};
	objectVersion = 52;
	objects = {

/* Begin PBXBuildFile section */
		F2883E8B24FB2D3D007B0FEE /* AppDelegate.swift in Sources */ = {isa = PBXBuildFile; fileRef = F2883E8A24FB2D3D007B0FEE /* AppDelegate.swift */; };
		F2883E8D24FB2D3D007B0FEE /* ViewController.swift in Sources */ = {isa = PBXBuildFile; fileRef = F2883E8C24FB2D3D007B0FEE /* ViewController.swift */; };
		F2883E8F24FB2D3F007B0FEE /* Assets.xcassets in Resources */ = {isa = PBXBuildFile; fileRef = F2883E8E24FB2D3F007B0FEE /* Assets.xcassets */; };
		F2883E9224FB2D3F007B0FEE /* Main.storyboard in Resources */ = {isa = PBXBuildFile; fileRef = F2883E9024FB2D3F007B0FEE /* Main.storyboard */; };
		F2883E9C24FB2D8D007B0FEE /* PythonKit in Frameworks */ = {isa = PBXBuildFile; productRef = F2883E9B24FB2D8D007B0FEE /* PythonKit */; };
		F2883EA324FB4D69007B0FEE /* ResultsViewController.swift in Sources */ = {isa = PBXBuildFile; fileRef = F2883EA224FB4D69007B0FEE /* ResultsViewController.swift */; };
		F2883EA724FB698D007B0FEE /* inputDataViewController.swift in Sources */ = {isa = PBXBuildFile; fileRef = F2883EA624FB698D007B0FEE /* inputDataViewController.swift */; };
		F2883EA924FC0D92007B0FEE /* main.py in Resources */ = {isa = PBXBuildFile; fileRef = F2883EA824FC0D92007B0FEE /* main.py */; };
/* End PBXBuildFile section */

/* Begin PBXFileReference section */
		F2883E8724FB2D3D007B0FEE /* pythonRun.app */ = {isa = PBXFileReference; explicitFileType = wrapper.application; includeInIndex = 0; path = pythonRun.app; sourceTree = BUILT_PRODUCTS_DIR; };
		F2883E8A24FB2D3D007B0FEE /* AppDelegate.swift */ = {isa = PBXFileReference; lastKnownFileType = sourcecode.swift; path = AppDelegate.swift; sourceTree = "<group>"; };
		F2883E8C24FB2D3D007B0FEE /* ViewController.swift */ = {isa = PBXFileReference; lastKnownFileType = sourcecode.swift; path = ViewController.swift; sourceTree = "<group>"; };
		F2883E8E24FB2D3F007B0FEE /* Assets.xcassets */ = {isa = PBXFileReference; lastKnownFileType = folder.assetcatalog; path = Assets.xcassets; sourceTree = "<group>"; };
		F2883E9124FB2D3F007B0FEE /* Base */ = {isa = PBXFileReference; lastKnownFileType = file.storyboard; name = Base; path = Base.lproj/Main.storyboard; sourceTree = "<group>"; };
		F2883E9324FB2D3F007B0FEE /* Info.plist */ = {isa = PBXFileReference; lastKnownFileType = text.plist.xml; path = Info.plist; sourceTree = "<group>"; };
		F2883E9424FB2D3F007B0FEE /* pythonRun.entitlements */ = {isa = PBXFileReference; lastKnownFileType = text.plist.entitlements; path = pythonRun.entitlements; sourceTree = "<group>"; };
		F2883E9D24FB2E0C007B0FEE /* pythonRunDebug.entitlements */ = {isa = PBXFileReference; lastKnownFileType = text.plist.entitlements; path = pythonRunDebug.entitlements; sourceTree = "<group>"; };
		F2883EA224FB4D69007B0FEE /* ResultsViewController.swift */ = {isa = PBXFileReference; lastKnownFileType = sourcecode.swift; path = ResultsViewController.swift; sourceTree = "<group>"; };
		F2883EA624FB698D007B0FEE /* inputDataViewController.swift */ = {isa = PBXFileReference; lastKnownFileType = sourcecode.swift; path = inputDataViewController.swift; sourceTree = "<group>"; };
		F2883EA824FC0D92007B0FEE /* main.py */ = {isa = PBXFileReference; fileEncoding = 4; lastKnownFileType = text.script.python; path = main.py; sourceTree = "<group>"; };
		F2883EAA24FC0D9E007B0FEE /* model.pickle */ = {isa = PBXFileReference; lastKnownFileType = file; path = model.pickle; sourceTree = "<group>"; };
/* End PBXFileReference section */

/* Begin PBXFrameworksBuildPhase section */
		F2883E8424FB2D3D007B0FEE /* Frameworks */ = {
			isa = PBXFrameworksBuildPhase;
			buildActionMask = 2147483647;
			files = (
				F2883E9C24FB2D8D007B0FEE /* PythonKit in Frameworks */,
			);
			runOnlyForDeploymentPostprocessing = 0;
		};
/* End PBXFrameworksBuildPhase section */

/* Begin PBXGroup section */
		F2883E7E24FB2D3D007B0FEE = {
			isa = PBXGroup;
			children = (
				F2883E8924FB2D3D007B0FEE /* pythonRun */,
				F2883E8824FB2D3D007B0FEE /* Products */,
			);
			sourceTree = "<group>";
		};
		F2883E8824FB2D3D007B0FEE /* Products */ = {
			isa = PBXGroup;
			children = (
				F2883E8724FB2D3D007B0FEE /* pythonRun.app */,
			);
			name = Products;
			sourceTree = "<group>";
		};
		F2883E8924FB2D3D007B0FEE /* pythonRun */ = {
			isa = PBXGroup;
			children = (
				F2883E9D24FB2E0C007B0FEE /* pythonRunDebug.entitlements */,
				F2883E8A24FB2D3D007B0FEE /* AppDelegate.swift */,
				F2883E8E24FB2D3F007B0FEE /* Assets.xcassets */,
				F2883E9024FB2D3F007B0FEE /* Main.storyboard */,
				F2883EA824FC0D92007B0FEE /* main.py */,
				F2883EAA24FC0D9E007B0FEE /* model.pickle */,
				F2883E8C24FB2D3D007B0FEE /* ViewController.swift */,
				F2883EA224FB4D69007B0FEE /* ResultsViewController.swift */,
				F2883EA624FB698D007B0FEE /* inputDataViewController.swift */,
				F2883E9324FB2D3F007B0FEE /* Info.plist */,
				F2883E9424FB2D3F007B0FEE /* pythonRun.entitlements */,
			);
			path = pythonRun;
			sourceTree = "<group>";
		};
/* End PBXGroup section */

/* Begin PBXNativeTarget section */
		F2883E8624FB2D3D007B0FEE /* pythonRun */ = {
			isa = PBXNativeTarget;
			buildConfigurationList = F2883E9724FB2D3F007B0FEE /* Build configuration list for PBXNativeTarget "pythonRun" */;
			buildPhases = (
				F2883E8324FB2D3D007B0FEE /* Sources */,
				F2883E8424FB2D3D007B0FEE /* Frameworks */,
				F2883E8524FB2D3D007B0FEE /* Resources */,
			);
			buildRules = (
			);
			dependencies = (
			);
			name = pythonRun;
			packageProductDependencies = (
				F2883E9B24FB2D8D007B0FEE /* PythonKit */,
			);
			productName = pythonRun;
			productReference = F2883E8724FB2D3D007B0FEE /* pythonRun.app */;
			productType = "com.apple.product-type.application";
		};
/* End PBXNativeTarget section */

/* Begin PBXProject section */
		F2883E7F24FB2D3D007B0FEE /* Project object */ = {
			isa = PBXProject;
			attributes = {
				LastSwiftUpdateCheck = 1160;
				LastUpgradeCheck = 1160;
				ORGANIZATIONNAME = "Álvaro Rodríguez";
				TargetAttributes = {
					F2883E8624FB2D3D007B0FEE = {
						CreatedOnToolsVersion = 11.6;
					};
				};
			};
			buildConfigurationList = F2883E8224FB2D3D007B0FEE /* Build configuration list for PBXProject "pythonRun" */;
			compatibilityVersion = "Xcode 9.3";
			developmentRegion = en;
			hasScannedForEncodings = 0;
			knownRegions = (
				en,
				Base,
			);
			mainGroup = F2883E7E24FB2D3D007B0FEE;
			packageReferences = (
				F2883E9A24FB2D8D007B0FEE /* XCRemoteSwiftPackageReference "PythonKit" */,
			);
			productRefGroup = F2883E8824FB2D3D007B0FEE /* Products */;
			projectDirPath = "";
			projectRoot = "";
			targets = (
				F2883E8624FB2D3D007B0FEE /* pythonRun */,
			);
		};
/* End PBXProject section */

/* Begin PBXResourcesBuildPhase section */
		F2883E8524FB2D3D007B0FEE /* Resources */ = {
			isa = PBXResourcesBuildPhase;
			buildActionMask = 2147483647;
			files = (
				F2883EA924FC0D92007B0FEE /* main.py in Resources */,
				F2883E8F24FB2D3F007B0FEE /* Assets.xcassets in Resources */,
				F2883E9224FB2D3F007B0FEE /* Main.storyboard in Resources */,
			);
			runOnlyForDeploymentPostprocessing = 0;
		};
/* End PBXResourcesBuildPhase section */

/* Begin PBXSourcesBuildPhase section */
		F2883E8324FB2D3D007B0FEE /* Sources */ = {
			isa = PBXSourcesBuildPhase;
			buildActionMask = 2147483647;
			files = (
				F2883EA724FB698D007B0FEE /* inputDataViewController.swift in Sources */,
				F2883E8D24FB2D3D007B0FEE /* ViewController.swift in Sources */,
				F2883E8B24FB2D3D007B0FEE /* AppDelegate.swift in Sources */,
				F2883EA324FB4D69007B0FEE /* ResultsViewController.swift in Sources */,
			);
			runOnlyForDeploymentPostprocessing = 0;
		};
/* End PBXSourcesBuildPhase section */

/* Begin PBXVariantGroup section */
		F2883E9024FB2D3F007B0FEE /* Main.storyboard */ = {
			isa = PBXVariantGroup;
			children = (
				F2883E9124FB2D3F007B0FEE /* Base */,
			);
			name = Main.storyboard;
			sourceTree = "<group>";
		};
/* End PBXVariantGroup section */

/* Begin XCBuildConfiguration section */
		F2883E9524FB2D3F007B0FEE /* Debug */ = {
			isa = XCBuildConfiguration;
			buildSettings = {
				ALWAYS_SEARCH_USER_PATHS = NO;
				CLANG_ANALYZER_NONNULL = YES;
				CLANG_ANALYZER_NUMBER_OBJECT_CONVERSION = YES_AGGRESSIVE;
				CLANG_CXX_LANGUAGE_STANDARD = "gnu++14";
				CLANG_CXX_LIBRARY = "libc++";
				CLANG_ENABLE_MODULES = YES;
				CLANG_ENABLE_OBJC_ARC = YES;
				CLANG_ENABLE_OBJC_WEAK = YES;
				CLANG_WARN_BLOCK_CAPTURE_AUTORELEASING = YES;
				CLANG_WARN_BOOL_CONVERSION = YES;
				CLANG_WARN_COMMA = YES;
				CLANG_WARN_CONSTANT_CONVERSION = YES;
				CLANG_WARN_DEPRECATED_OBJC_IMPLEMENTATIONS = YES;
				CLANG_WARN_DIRECT_OBJC_ISA_USAGE = YES_ERROR;
				CLANG_WARN_DOCUMENTATION_COMMENTS = YES;
				CLANG_WARN_EMPTY_BODY = YES;
				CLANG_WARN_ENUM_CONVERSION = YES;
				CLANG_WARN_INFINITE_RECURSION = YES;
				CLANG_WARN_INT_CONVERSION = YES;
				CLANG_WARN_NON_LITERAL_NULL_CONVERSION = YES;
				CLANG_WARN_OBJC_IMPLICIT_RETAIN_SELF = YES;
				CLANG_WARN_OBJC_LITERAL_CONVERSION = YES;
				CLANG_WARN_OBJC_ROOT_CLASS = YES_ERROR;
				CLANG_WARN_RANGE_LOOP_ANALYSIS = YES;
				CLANG_WARN_STRICT_PROTOTYPES = YES;
				CLANG_WARN_SUSPICIOUS_MOVE = YES;
				CLANG_WARN_UNGUARDED_AVAILABILITY = YES_AGGRESSIVE;
				CLANG_WARN_UNREACHABLE_CODE = YES;
				CLANG_WARN__DUPLICATE_METHOD_MATCH = YES;
				COPY_PHASE_STRIP = NO;
				DEBUG_INFORMATION_FORMAT = dwarf;
				ENABLE_STRICT_OBJC_MSGSEND = YES;
				ENABLE_TESTABILITY = YES;
				GCC_C_LANGUAGE_STANDARD = gnu11;
				GCC_DYNAMIC_NO_PIC = NO;
				GCC_NO_COMMON_BLOCKS = YES;
				GCC_OPTIMIZATION_LEVEL = 0;
				GCC_PREPROCESSOR_DEFINITIONS = (
					"DEBUG=1",
					"$(inherited)",
				);
				GCC_WARN_64_TO_32_BIT_CONVERSION = YES;
				GCC_WARN_ABOUT_RETURN_TYPE = YES_ERROR;
				GCC_WARN_UNDECLARED_SELECTOR = YES;
				GCC_WARN_UNINITIALIZED_AUTOS = YES_AGGRESSIVE;
				GCC_WARN_UNUSED_FUNCTION = YES;
				GCC_WARN_UNUSED_VARIABLE = YES;
				MACOSX_DEPLOYMENT_TARGET = 10.15;
				MTL_ENABLE_DEBUG_INFO = INCLUDE_SOURCE;
				MTL_FAST_MATH = YES;
				ONLY_ACTIVE_ARCH = YES;
				SDKROOT = macosx;
				SWIFT_ACTIVE_COMPILATION_CONDITIONS = DEBUG;
				SWIFT_OPTIMIZATION_LEVEL = "-Onone";
			};
			name = Debug;
		};
		F2883E9624FB2D3F007B0FEE /* Release */ = {
			isa = XCBuildConfiguration;
			buildSettings = {
				ALWAYS_SEARCH_USER_PATHS = NO;
				CLANG_ANALYZER_NONNULL = YES;
				CLANG_ANALYZER_NUMBER_OBJECT_CONVERSION = YES_AGGRESSIVE;
				CLANG_CXX_LANGUAGE_STANDARD = "gnu++14";
				CLANG_CXX_LIBRARY = "libc++";
				CLANG_ENABLE_MODULES = YES;
				CLANG_ENABLE_OBJC_ARC = YES;
				CLANG_ENABLE_OBJC_WEAK = YES;
				CLANG_WARN_BLOCK_CAPTURE_AUTORELEASING = YES;
				CLANG_WARN_BOOL_CONVERSION = YES;
				CLANG_WARN_COMMA = YES;
				CLANG_WARN_CONSTANT_CONVERSION = YES;
				CLANG_WARN_DEPRECATED_OBJC_IMPLEMENTATIONS = YES;
				CLANG_WARN_DIRECT_OBJC_ISA_USAGE = YES_ERROR;
				CLANG_WARN_DOCUMENTATION_COMMENTS = YES;
				CLANG_WARN_EMPTY_BODY = YES;
				CLANG_WARN_ENUM_CONVERSION = YES;
				CLANG_WARN_INFINITE_RECURSION = YES;
				CLANG_WARN_INT_CONVERSION = YES;
				CLANG_WARN_NON_LITERAL_NULL_CONVERSION = YES;
				CLANG_WARN_OBJC_IMPLICIT_RETAIN_SELF = YES;
				CLANG_WARN_OBJC_LITERAL_CONVERSION = YES;
				CLANG_WARN_OBJC_ROOT_CLASS = YES_ERROR;
				CLANG_WARN_RANGE_LOOP_ANALYSIS = YES;
				CLANG_WARN_STRICT_PROTOTYPES = YES;
				CLANG_WARN_SUSPICIOUS_MOVE = YES;
				CLANG_WARN_UNGUARDED_AVAILABILITY = YES_AGGRESSIVE;
				CLANG_WARN_UNREACHABLE_CODE = YES;
				CLANG_WARN__DUPLICATE_METHOD_MATCH = YES;
				COPY_PHASE_STRIP = NO;
				DEBUG_INFORMATION_FORMAT = "dwarf-with-dsym";
				ENABLE_NS_ASSERTIONS = NO;
				ENABLE_STRICT_OBJC_MSGSEND = YES;
				GCC_C_LANGUAGE_STANDARD = gnu11;
				GCC_NO_COMMON_BLOCKS = YES;
				GCC_WARN_64_TO_32_BIT_CONVERSION = YES;
				GCC_WARN_ABOUT_RETURN_TYPE = YES_ERROR;
				GCC_WARN_UNDECLARED_SELECTOR = YES;
				GCC_WARN_UNINITIALIZED_AUTOS = YES_AGGRESSIVE;
				GCC_WARN_UNUSED_FUNCTION = YES;
				GCC_WARN_UNUSED_VARIABLE = YES;
				MACOSX_DEPLOYMENT_TARGET = 10.15;
				MTL_ENABLE_DEBUG_INFO = NO;
				MTL_FAST_MATH = YES;
				SDKROOT = macosx;
				SWIFT_COMPILATION_MODE = wholemodule;
				SWIFT_OPTIMIZATION_LEVEL = "-O";
			};
			name = Release;
		};
		F2883E9824FB2D3F007B0FEE /* Debug */ = {
			isa = XCBuildConfiguration;
			buildSettings = {
				ASSETCATALOG_COMPILER_APPICON_NAME = AppIcon;
				CODE_SIGN_ENTITLEMENTS = pythonRun/pythonRunDebug.entitlements;
				CODE_SIGN_STYLE = Automatic;
				COMBINE_HIDPI_IMAGES = YES;
				DEVELOPMENT_TEAM = 3P898YBQAL;
				ENABLE_HARDENED_RUNTIME = YES;
				INFOPLIST_FILE = pythonRun/Info.plist;
				LD_RUNPATH_SEARCH_PATHS = (
					"$(inherited)",
					"@executable_path/../Frameworks",
				);
				PRODUCT_BUNDLE_IDENTIFIER = alvarodgzz.pythonRun;
				PRODUCT_NAME = "$(TARGET_NAME)";
				SWIFT_VERSION = 5.0;
			};
			name = Debug;
		};
		F2883E9924FB2D3F007B0FEE /* Release */ = {
			isa = XCBuildConfiguration;
			buildSettings = {
				ASSETCATALOG_COMPILER_APPICON_NAME = AppIcon;
				CODE_SIGN_ENTITLEMENTS = pythonRun/pythonRun.entitlements;
				CODE_SIGN_STYLE = Automatic;
				COMBINE_HIDPI_IMAGES = YES;
				DEVELOPMENT_TEAM = 3P898YBQAL;
				ENABLE_HARDENED_RUNTIME = YES;
				INFOPLIST_FILE = pythonRun/Info.plist;
				LD_RUNPATH_SEARCH_PATHS = (
					"$(inherited)",
					"@executable_path/../Frameworks",
				);
				PRODUCT_BUNDLE_IDENTIFIER = alvarodgzz.pythonRun;
				PRODUCT_NAME = "$(TARGET_NAME)";
				SWIFT_VERSION = 5.0;
			};
			name = Release;
		};
/* End XCBuildConfiguration section */

/* Begin XCConfigurationList section */
		F2883E8224FB2D3D007B0FEE /* Build configuration list for PBXProject "pythonRun" */ = {
			isa = XCConfigurationList;
			buildConfigurations = (
				F2883E9524FB2D3F007B0FEE /* Debug */,
				F2883E9624FB2D3F007B0FEE /* Release */,
			);
			defaultConfigurationIsVisible = 0;
			defaultConfigurationName = Release;
		};
		F2883E9724FB2D3F007B0FEE /* Build configuration list for PBXNativeTarget "pythonRun" */ = {
			isa = XCConfigurationList;
			buildConfigurations = (
				F2883E9824FB2D3F007B0FEE /* Debug */,
				F2883E9924FB2D3F007B0FEE /* Release */,
			);
			defaultConfigurationIsVisible = 0;
			defaultConfigurationName = Release;
		};
/* End XCConfigurationList section */

/* Begin XCRemoteSwiftPackageReference section */
		F2883E9A24FB2D8D007B0FEE /* XCRemoteSwiftPackageReference "PythonKit" */ = {
			isa = XCRemoteSwiftPackageReference;
			repositoryURL = "https://github.com/pvieito/PythonKit";
			requirement = {
				branch = master;
				kind = branch;
			};
		};
/* End XCRemoteSwiftPackageReference section */

/* Begin XCSwiftPackageProductDependency section */
		F2883E9B24FB2D8D007B0FEE /* PythonKit */ = {
			isa = XCSwiftPackageProductDependency;
			package = F2883E9A24FB2D8D007B0FEE /* XCRemoteSwiftPackageReference "PythonKit" */;
			productName = PythonKit;
		};
/* End XCSwiftPackageProductDependency section */
	};
	rootObject = F2883E7F24FB2D3D007B0FEE /* Project object */;
}
